{
  "name": "Moksha",
  "lockfileVersion": 3,
  "requires": true,
  "packages": {
    "": {
      "dependencies": {
        "@pqc-sdk/core": "^0.9.1",
        "devnagri-numerals": "^1.0.1",
        "widegita": "^0.1.1",
        "wideholy": "^0.1.1"
      }
    },
    "node_modules/@noble/ciphers": {
      "version": "2.2.0",
      "resolved": "https://registry.npmjs.org/@noble/ciphers/-/ciphers-2.2.0.tgz",
      "integrity": "sha512-Z6pjIZ/8IJcCGzb2S/0Px5J81yij85xASuk1teLNeg75bfT07MV3a/O2Mtn1I2se43k3lkVEcFaR10N4cgQcZA==",
      "license": "MIT",
      "engines": {
        "node": ">= 20.19.0"
      },
      "funding": {
        "url": "https://paulmillr.com/funding/"
      }
    },
    "node_modules/@noble/curves": {
      "version": "2.4.0",
      "resolved": "https://registry.npmjs.org/@noble/curves/-/curves-2.4.0.tgz",
      "integrity": "sha512-P4/62zrgfH33CneE3Dn4WhJVA22YUU0eR51wKIan4NVRvwsA0YnPTwWGpNbpuacSujmSFLvyzpyuR30+fbq2Ew==",
      "license": "MIT",
      "dependencies": {
        "@noble/hashes": "2.4.0"
      },
      "engines": {
        "node": ">= 20.19.0"
      },
      "funding": {
        "url": "https://paulmillr.com/funding/"
      }
    },
    "node_modules/@noble/hashes": {
      "version": "2.4.0",
      "resolved": "https://registry.npmjs.org/@noble/hashes/-/hashes-2.4.0.tgz",
      "integrity": "sha512-X5XaVWZIBCT7HHZGm5I7ZQXDwLG+bGXuSrMQAW+7Zvl87h1kmc1ZB1VSRJcpUfoUrGQp4Fkoxm5kZ+Ms+aW+eA==",
      "license": "MIT",
      "engines": {
        "node": ">= 20.19.0"
      },
      "funding": {
        "url": "https://paulmillr.com/funding/"
      }
    },
    "node_modules/@noble/post-quantum": {
      "version": "0.7.1",
      "resolved": "https://registry.npmjs.org/@noble/post-quantum/-/post-quantum-0.7.1.tgz",
      "integrity": "sha512-+P9981IiAnVh+rmcubozzVwrEy3XsN/tMhTnvsjV9VDaYpOnNCqWqKo2FLWxbu92YHfjGIlE5XnW175UK+ln+Q==",
      "license": "MIT",
      "dependencies": {
        "@noble/ciphers": "2.4.0",
        "@noble/curves": "2.4.0",
        "@noble/hashes": "2.4.0"
      },
      "engines": {
        "node": ">= 20.19.0"
      },
      "funding": {
        "url": "https://paulmillr.com/funding/"
      }
    },
    "node_modules/@noble/post-quantum/node_modules/@noble/ciphers": {
      "version": "2.4.0",
      "resolved": "https://registry.npmjs.org/@noble/ciphers/-/ciphers-2.4.0.tgz",
      "integrity": "sha512-AnjFn0Jv92laAkvMrghlFZq4qQCIN/4DxFV/eooqtC2YTjB7kBeLMS2T9KJX4Dn+ZVXLOwK0lSgqDtx9gvxtiw==",
      "license": "MIT",
      "engines": {
        "node": ">= 20.19.0"
      },
      "funding": {
        "url": "https://paulmillr.com/funding/"
      }
    },
    "node_modules/@pqc-sdk/core": {
      "version": "0.9.1",
      "resolved": "https://registry.npmjs.org/@pqc-sdk/core/-/core-0.9.1.tgz",
      "integrity": "sha512-wwoaZ8ICyqvUnjaw/x4NEld4GzAYnfRBJFeX7+ev3Ke2QIa4zMkQjfo4UA1w4J8g8ze+MEeGkTD3hdTlj1Ngig==",
      "license": "MIT",
      "dependencies": {
        "@noble/ciphers": "2.2.0",
        "@noble/curves": "2.4.0",
        "@noble/hashes": "2.4.0",
        "@noble/post-quantum": "0.7.1"
      },
      "engines": {
        "node": ">=20"
      }
    },
    "node_modules/devnagri-numerals": {
      "version": "1.0.1",
      "resolved": "https://registry.npmjs.org/devnagri-numerals/-/devnagri-numerals-1.0.1.tgz",
      "integrity": "sha512-PzsDHgmCq6H23qA0EpMDWvZRNHlQtb7elQZHIME+lziol9ws2az/B/14ZdXAnK+0wcHjP4ImWhFCyI18u8RWFQ==",
      "license": "MIT"
    },
    "node_modules/widegita": {
      "version": "0.1.1",
      "resolved": "https://registry.npmjs.org/widegita/-/widegita-0.1.1.tgz",
      "integrity": "sha512-dpSjcixXm0VpsTskXpzaEtPEMaGJjqk7451gZseMAsSEQ5End1ph0/EZfAe7C7I4J9HPrOyWWpJF5J2D0YmKZw==",
      "license": "MIT"
    },
    "node_modules/wideholy": {
      "version": "0.1.1",
      "resolved": "https://registry.npmjs.org/wideholy/-/wideholy-0.1.1.tgz",
      "integrity": "sha512-vqxnjWWTyMN0K+ldhywFpn5I7gYbtm8nOnz5zy7N/p2HvVPuW1M4EQymsNl6CcZNwRyb5czgpCN8wZnf296tjw==",
      "license": "MIT"
    }
  }
}
